
Microsoft Visual Studio Solution File, Format Version 12.00
# Visual Studio Version 18
VisualStudioVersion = 18.4.11620.152
MinimumVisualStudioVersion = 10.0.40219.1
Project("{FAE04EC0-301F-11D3-BF4B-00C04F79EFBC}") = "BenueCommunityMapping", "BenueCommunityMapping.csproj", "{43791EED-57F7-A888-561E-6D9272D24F6B}"
EndProject
Global
	GlobalSection(SolutionConfigurationPlatforms) = preSolution
		Debug|Any CPU = Debug|Any CPU
		Release|Any CPU = Release|Any CPU
	EndGlobalSection
	GlobalSection(ProjectConfigurationPlatforms) = postSolution
		{43791EED-57F7-A888-561E-6D9272D24F6B}.Debug|Any CPU.ActiveCfg = Debug|Any CPU
		{43791EED-57F7-A888-561E-6D9272D24F6B}.Debug|Any CPU.Build.0 = Debug|Any CPU
		{43791EED-57F7-A888-561E-6D9272D24F6B}.Release|Any CPU.ActiveCfg = Release|Any CPU
		{43791EED-57F7-A888-561E-6D9272D24F6B}.Release|Any CPU.Build.0 = Release|Any CPU
	EndGlobalSection
	GlobalSection(SolutionProperties) = preSolution
		HideSolutionNode = FALSE
	EndGlobalSection
	GlobalSection(ExtensibilityGlobals) = postSolution
		SolutionGuid = {16D87EF9-CC37-4ADA-8884-D7126A8E78A8}
	EndGlobalSection
EndGlobal
